// !$*UTF8*$!
{
	archiveVersion = 1;
	classes = {
	};
	objectVersion = 46;
	objects = {

/* Begin PBXBuildFile section */
		711ACB371B21CD7A006598BE /* client.c in Sources */ = {isa = PBXBuildFile; fileRef = 711ACB351B21CD7A006598BE /* client.c */; };
		711ACB3A1B21CDAD006598BE /* serveur.c in Sources */ = {isa = PBXBuildFile; fileRef = 711ACB381B21CDAD006598BE /* serveur.c */; };
		711ACB431B21DFE5006598BE /* fonctions.c in Sources */ = {isa = PBXBuildFile; fileRef = 711ACB411B21DFE5006598BE /* fonctions.c */; };
/* End PBXBuildFile section */

/* Begin PBXCopyFilesBuildPhase section */
		711ACB291B21CD5B006598BE /* CopyFiles */ = {
			isa = PBXCopyFilesBuildPhase;
			buildActionMask = 2147483647;
			dstPath = /usr/share/man/man1/;
			dstSubfolderSpec = 0;
			files = (
			);
			runOnlyForDeploymentPostprocessing = 1;
		};
/* End PBXCopyFilesBuildPhase section */

/* Begin PBXFileReference section */
		711ACB2B1B21CD5B006598BE /* TP3 - Mécanismes TCP */ = {isa = PBXFileReference; explicitFileType = "compiled.mach-o.executable"; includeInIndex = 0; path = "TP3 - Mécanismes TCP"; sourceTree = BUILT_PRODUCTS_DIR; };
		711ACB351B21CD7A006598BE /* client.c */ = {isa = PBXFileReference; fileEncoding = 4; lastKnownFileType = sourcecode.c.c; path = client.c; sourceTree = "<group>"; };
		711ACB361B21CD7A006598BE /* client.h */ = {isa = PBXFileReference; fileEncoding = 4; lastKnownFileType = sourcecode.c.h; path = client.h; sourceTree = "<group>"; };
		711ACB381B21CDAD006598BE /* serveur.c */ = {isa = PBXFileReference; fileEncoding = 4; lastKnownFileType = sourcecode.c.c; path = serveur.c; sourceTree = "<group>"; };
		711ACB391B21CDAD006598BE /* serveur.h */ = {isa = PBXFileReference; fileEncoding = 4; lastKnownFileType = sourcecode.c.h; path = serveur.h; sourceTree = "<group>"; };
		711ACB411B21DFE5006598BE /* fonctions.c */ = {isa = PBXFileReference; fileEncoding = 4; lastKnownFileType = sourcecode.c.c; path = fonctions.c; sourceTree = "<group>"; };
		711ACB421B21DFE5006598BE /* fonctions.h */ = {isa = PBXFileReference; fileEncoding = 4; lastKnownFileType = sourcecode.c.h; path = fonctions.h; sourceTree = "<group>"; };
/* End PBXFileReference section */

/* Begin PBXFrameworksBuildPhase section */
		711ACB281B21CD5B006598BE /* Frameworks */ = {
			isa = PBXFrameworksBuildPhase;
			buildActionMask = 2147483647;
			files = (
			);
			runOnlyForDeploymentPostprocessing = 0;
		};
/* End PBXFrameworksBuildPhase section */

/* Begin PBXGroup section */
		711ACB221B21CD5B006598BE = {
			isa = PBXGroup;
			children = (
				711ACB351B21CD7A006598BE /* client.c */,
				711ACB361B21CD7A006598BE /* client.h */,
				711ACB381B21CDAD006598BE /* serveur.c */,
				711ACB391B21CDAD006598BE /* serveur.h */,
				711ACB411B21DFE5006598BE /* fonctions.c */,
				711ACB421B21DFE5006598BE /* fonctions.h */,
				711ACB2D1B21CD5B006598BE /* TP3 - Mécanismes TCP */,
				711ACB2C1B21CD5B006598BE /* Products */,
			);
			sourceTree = "<group>";
		};
		711ACB2C1B21CD5B006598BE /* Products */ = {
			isa = PBXGroup;
			children = (
				711ACB2B1B21CD5B006598BE /* TP3 - Mécanismes TCP */,
			);
			name = Products;
			sourceTree = "<group>";
		};
		711ACB2D1B21CD5B006598BE /* TP3 - Mécanismes TCP */ = {
			isa = PBXGroup;
			children = (
			);
			path = "TP3 - Mécanismes TCP";
			sourceTree = "<group>";
		};
/* End PBXGroup section */

/* Begin PBXNativeTarget section */
		711ACB2A1B21CD5B006598BE /* TP3 - Mécanismes TCP */ = {
			isa = PBXNativeTarget;
			buildConfigurationList = 711ACB321B21CD5B006598BE /* Build configuration list for PBXNativeTarget "TP3 - Mécanismes TCP" */;
			buildPhases = (
				711ACB271B21CD5B006598BE /* Sources */,
				711ACB281B21CD5B006598BE /* Frameworks */,
				711ACB291B21CD5B006598BE /* CopyFiles */,
			);
			buildRules = (
			);
			dependencies = (
			);
			name = "TP3 - Mécanismes TCP";
			productName = "TP3 - Mécanismes TCP";
			productReference = 711ACB2B1B21CD5B006598BE /* TP3 - Mécanismes TCP */;
			productType = "com.apple.product-type.tool";
		};
/* End PBXNativeTarget section */

/* Begin PBXProject section */
		711ACB231B21CD5B006598BE /* Project object */ = {
			isa = PBXProject;
			attributes = {
				LastUpgradeCheck = 0630;
				ORGANIZATIONNAME = "Antoine ORSONI";
				TargetAttributes = {
					711ACB2A1B21CD5B006598BE = {
						CreatedOnToolsVersion = 6.3.2;
					};
				};
			};
			buildConfigurationList = 711ACB261B21CD5B006598BE /* Build configuration list for PBXProject "TP3 - Mécanismes TCP" */;
			compatibilityVersion = "Xcode 3.2";
			developmentRegion = English;
			hasScannedForEncodings = 0;
			knownRegions = (
				en,
			);
			mainGroup = 711ACB221B21CD5B006598BE;
			productRefGroup = 711ACB2C1B21CD5B006598BE /* Products */;
			projectDirPath = "";
			projectRoot = "";
			targets = (
				711ACB2A1B21CD5B006598BE /* TP3 - Mécanismes TCP */,
			);
		};
/* End PBXProject section */

/* Begin PBXSourcesBuildPhase section */
		711ACB271B21CD5B006598BE /* Sources */ = {
			isa = PBXSourcesBuildPhase;
			buildActionMask = 2147483647;
			files = (
				711ACB431B21DFE5006598BE /* fonctions.c in Sources */,
				711ACB371B21CD7A006598BE /* client.c in Sources */,
				711ACB3A1B21CDAD006598BE /* serveur.c in Sources */,
			);
			runOnlyForDeploymentPostprocessing = 0;
		};
/* End PBXSourcesBuildPhase section */

/* Begin XCBuildConfiguration section */
		711ACB301B21CD5B006598BE /* Debug */ = {
			isa = XCBuildConfiguration;
			buildSettings = {
				ALWAYS_SEARCH_USER_PATHS = NO;
				CLANG_CXX_LANGUAGE_STANDARD = "gnu++0x";
				CLANG_CXX_LIBRARY = "libc++";
				CLANG_ENABLE_MODULES = YES;
				CLANG_ENABLE_OBJC_ARC = YES;
				CLANG_WARN_BOOL_CONVERSION = YES;
				CLANG_WARN_CONSTANT_CONVERSION = YES;
				CLANG_WARN_DIRECT_OBJC_ISA_USAGE = YES_ERROR;
				CLANG_WARN_EMPTY_BODY = YES;
				CLANG_WARN_ENUM_CONVERSION = YES;
				CLANG_WARN_INT_CONVERSION = YES;
				CLANG_WARN_OBJC_ROOT_CLASS = YES_ERROR;
				CLANG_WARN_UNREACHABLE_CODE = YES;
				CLANG_WARN__DUPLICATE_METHOD_MATCH = YES;
				COPY_PHASE_STRIP = NO;
				DEBUG_INFORMATION_FORMAT = dwarf;
				ENABLE_STRICT_OBJC_MSGSEND = YES;
				GCC_C_LANGUAGE_STANDARD = gnu99;
				GCC_DYNAMIC_NO_PIC = NO;
				GCC_NO_COMMON_BLOCKS = YES;
				GCC_OPTIMIZATION_LEVEL = 0;
				GCC_PREPROCESSOR_DEFINITIONS = (
					"DEBUG=1",
					"$(inherited)",
				);
				GCC_SYMBOLS_PRIVATE_EXTERN = NO;
				GCC_WARN_64_TO_32_BIT_CONVERSION = YES;
				GCC_WARN_ABOUT_RETURN_TYPE = YES_ERROR;
				GCC_WARN_UNDECLARED_SELECTOR = YES;
				GCC_WARN_UNINITIALIZED_AUTOS = YES_AGGRESSIVE;
				GCC_WARN_UNUSED_FUNCTION = YES;
				GCC_WARN_UNUSED_VARIABLE = YES;
				MACOSX_DEPLOYMENT_TARGET = 10.10;
				MTL_ENABLE_DEBUG_INFO = YES;
				ONLY_ACTIVE_ARCH = YES;
				SDKROOT = macosx;
			};
			name = Debug;
		};
		711ACB311B21CD5B006598BE /* Release */ = {
			isa = XCBuildConfiguration;
			buildSettings = {
				ALWAYS_SEARCH_USER_PATHS = NO;
				CLANG_CXX_LANGUAGE_STANDARD = "gnu++0x";
				CLANG_CXX_LIBRARY = "libc++";
				CLANG_ENABLE_MODULES = YES;
				CLANG_ENABLE_OBJC_ARC = YES;
				CLANG_WARN_BOOL_CONVERSION = YES;
				CLANG_WARN_CONSTANT_CONVERSION = YES;
				CLANG_WARN_DIRECT_OBJC_ISA_USAGE = YES_ERROR;
				CLANG_WARN_EMPTY_BODY = YES;
				CLANG_WARN_ENUM_CONVERSION = YES;
				CLANG_WARN_INT_CONVERSION = YES;
				CLANG_WARN_OBJC_ROOT_CLASS = YES_ERROR;
				CLANG_WARN_UNREACHABLE_CODE = YES;
				CLANG_WARN__DUPLICATE_METHOD_MATCH = YES;
				COPY_PHASE_STRIP = NO;
				DEBUG_INFORMATION_FORMAT = "dwarf-with-dsym";
				ENABLE_NS_ASSERTIONS = NO;
				ENABLE_STRICT_OBJC_MSGSEND = YES;
				GCC_C_LANGUAGE_STANDARD = gnu99;
				GCC_NO_COMMON_BLOCKS = YES;
				GCC_WARN_64_TO_32_BIT_CONVERSION = YES;
				GCC_WARN_ABOUT_RETURN_TYPE = YES_ERROR;
				GCC_WARN_UNDECLARED_SELECTOR = YES;
				GCC_WARN_UNINITIALIZED_AUTOS = YES_AGGRESSIVE;
				GCC_WARN_UNUSED_FUNCTION = YES;
				GCC_WARN_UNUSED_VARIABLE = YES;
				MACOSX_DEPLOYMENT_TARGET = 10.10;
				MTL_ENABLE_DEBUG_INFO = NO;
				SDKROOT = macosx;
			};
			name = Release;
		};
		711ACB331B21CD5B006598BE /* Debug */ = {
			isa = XCBuildConfiguration;
			buildSettings = {
				PRODUCT_NAME = "$(TARGET_NAME)";
			};
			name = Debug;
		};
		711ACB341B21CD5B006598BE /* Release */ = {
			isa = XCBuildConfiguration;
			buildSettings = {
				PRODUCT_NAME = "$(TARGET_NAME)";
			};
			name = Release;
		};
/* End XCBuildConfiguration section */

/* Begin XCConfigurationList section */
		711ACB261B21CD5B006598BE /* Build configuration list for PBXProject "TP3 - Mécanismes TCP" */ = {
			isa = XCConfigurationList;
			buildConfigurations = (
				711ACB301B21CD5B006598BE /* Debug */,
				711ACB311B21CD5B006598BE /* Release */,
			);
			defaultConfigurationIsVisible = 0;
			defaultConfigurationName = Release;
		};
		711ACB321B21CD5B006598BE /* Build configuration list for PBXNativeTarget "TP3 - Mécanismes TCP" */ = {
			isa = XCConfigurationList;
			buildConfigurations = (
				711ACB331B21CD5B006598BE /* Debug */,
				711ACB341B21CD5B006598BE /* Release */,
			);
			defaultConfigurationIsVisible = 0;
			defaultConfigurationName = Release;
		};
/* End XCConfigurationList section */
	};
	rootObject = 711ACB231B21CD5B006598BE /* Project object */;
}
